# This file is automatically @generated by Cargo.
# It is not intended for manual editing.
version = 4

[[package]]
name = "ad-safety-core"
version = "0.1.0"

[[package]]
name = "ad-safety-tests"
version = "0.1.0"

[[package]]
name = "cargo-ad-safety"
version = "0.1.0"
dependencies = [
 "ad-safety-core",
]
